// !$*UTF8*$!
{
	archiveVersion = 1;
	classes = {
	};
	objectVersion = 55;
	objects = {

/* Begin PBXBuildFile section */
		B12C38C2299D4C2C001FDE51 /* CoinRowView.swift in Sources */ = {isa = PBXBuildFile; fileRef = B12C38C1299D4C2C001FDE51 /* CoinRowView.swift */; };
		B12C38C4299D4CA8001FDE51 /* PreviewProvider.swift in Sources */ = {isa = PBXBuildFile; fileRef = B12C38C3299D4CA8001FDE51 /* PreviewProvider.swift */; };
		B12C38C6299D528E001FDE51 /* Double.swift in Sources */ = {isa = PBXBuildFile; fileRef = B12C38C5299D528E001FDE51 /* Double.swift */; };
		B1853F4329B0C0FB00EEF79D /* LocalFileManager.swift in Sources */ = {isa = PBXBuildFile; fileRef = B1853F4229B0C0FB00EEF79D /* LocalFileManager.swift */; };
		B189E1AA299C1748006A1710 /* Crypto_AppApp.swift in Sources */ = {isa = PBXBuildFile; fileRef = B189E1A9299C1748006A1710 /* Crypto_AppApp.swift */; };
		B189E1AC299C1748006A1710 /* ContentView.swift in Sources */ = {isa = PBXBuildFile; fileRef = B189E1AB299C1748006A1710 /* ContentView.swift */; };
		B189E1AE299C1748006A1710 /* Assets.xcassets in Resources */ = {isa = PBXBuildFile; fileRef = B189E1AD299C1748006A1710 /* Assets.xcassets */; };
		B189E1B1299C1748006A1710 /* Preview Assets.xcassets in Resources */ = {isa = PBXBuildFile; fileRef = B189E1B0299C1748006A1710 /* Preview Assets.xcassets */; };
		B189E1BC299C194B006A1710 /* Color.swift in Sources */ = {isa = PBXBuildFile; fileRef = B189E1BB299C194B006A1710 /* Color.swift */; };
		B189E1C2299C20C9006A1710 /* HomeView.swift in Sources */ = {isa = PBXBuildFile; fileRef = B189E1C1299C20C9006A1710 /* HomeView.swift */; };
		B189E1C6299C2251006A1710 /* CircleButtonView.swift in Sources */ = {isa = PBXBuildFile; fileRef = B189E1C5299C2251006A1710 /* CircleButtonView.swift */; };
		B18D229929DAEDD300039540 /* PageIntro.swift in Sources */ = {isa = PBXBuildFile; fileRef = B18D229829DAEDD300039540 /* PageIntro.swift */; };
		B18D229E29DAEFA500039540 /* Login.swift in Sources */ = {isa = PBXBuildFile; fileRef = B18D229D29DAEFA500039540 /* Login.swift */; };
		B1D3FD7F29A3880E00FF0E75 /* HomeViewModel.swift in Sources */ = {isa = PBXBuildFile; fileRef = B1D3FD7E29A3880E00FF0E75 /* HomeViewModel.swift */; };
		B1D3FD8229A3914600FF0E75 /* CoinDataService.swift in Sources */ = {isa = PBXBuildFile; fileRef = B1D3FD8129A3914600FF0E75 /* CoinDataService.swift */; };
		B1E41061299C263D0052DA37 /* CircleButtonAnimationView.swift in Sources */ = {isa = PBXBuildFile; fileRef = B1E41060299C263D0052DA37 /* CircleButtonAnimationView.swift */; };
		B1F0362B299D385E0007C528 /* CoinModel.swift in Sources */ = {isa = PBXBuildFile; fileRef = B1F0362A299D385E0007C528 /* CoinModel.swift */; };
		B1F433C329A3F04300244E6A /* NetworkingManager.swift in Sources */ = {isa = PBXBuildFile; fileRef = B1F433C229A3F04300244E6A /* NetworkingManager.swift */; };
		B1F433C829A3F91600244E6A /* CoinImageView.swift in Sources */ = {isa = PBXBuildFile; fileRef = B1F433C729A3F91600244E6A /* CoinImageView.swift */; };
		B1F433CA29A3FA4400244E6A /* CoinImageService.swift in Sources */ = {isa = PBXBuildFile; fileRef = B1F433C929A3FA4400244E6A /* CoinImageService.swift */; };
		B1F433CC29A3FB5900244E6A /* CoinImageViewmodel.swift in Sources */ = {isa = PBXBuildFile; fileRef = B1F433CB29A3FB5900244E6A /* CoinImageViewmodel.swift */; };
/* End PBXBuildFile section */

/* Begin PBXFileReference section */
		B12C38C1299D4C2C001FDE51 /* CoinRowView.swift */ = {isa = PBXFileReference; lastKnownFileType = sourcecode.swift; path = CoinRowView.swift; sourceTree = "<group>"; };
		B12C38C3299D4CA8001FDE51 /* PreviewProvider.swift */ = {isa = PBXFileReference; lastKnownFileType = sourcecode.swift; path = PreviewProvider.swift; sourceTree = "<group>"; };
		B12C38C5299D528E001FDE51 /* Double.swift */ = {isa = PBXFileReference; lastKnownFileType = sourcecode.swift; path = Double.swift; sourceTree = "<group>"; };
		B1853F4229B0C0FB00EEF79D /* LocalFileManager.swift */ = {isa = PBXFileReference; lastKnownFileType = sourcecode.swift; path = LocalFileManager.swift; sourceTree = "<group>"; };
		B189E1A6299C1748006A1710 /* Crypto App.app */ = {isa = PBXFileReference; explicitFileType = wrapper.application; includeInIndex = 0; path = "Crypto App.app"; sourceTree = BUILT_PRODUCTS_DIR; };
		B189E1A9299C1748006A1710 /* Crypto_AppApp.swift */ = {isa = PBXFileReference; lastKnownFileType = sourcecode.swift; path = Crypto_AppApp.swift; sourceTree = "<group>"; };
		B189E1AB299C1748006A1710 /* ContentView.swift */ = {isa = PBXFileReference; lastKnownFileType = sourcecode.swift; path = ContentView.swift; sourceTree = "<group>"; };
		B189E1AD299C1748006A1710 /* Assets.xcassets */ = {isa = PBXFileReference; lastKnownFileType = folder.assetcatalog; path = Assets.xcassets; sourceTree = "<group>"; };
		B189E1B0299C1748006A1710 /* Preview Assets.xcassets */ = {isa = PBXFileReference; lastKnownFileType = folder.assetcatalog; path = "Preview Assets.xcassets"; sourceTree = "<group>"; };
		B189E1BB299C194B006A1710 /* Color.swift */ = {isa = PBXFileReference; lastKnownFileType = sourcecode.swift; path = Color.swift; sourceTree = "<group>"; };
		B189E1C1299C20C9006A1710 /* HomeView.swift */ = {isa = PBXFileReference; lastKnownFileType = sourcecode.swift; path = HomeView.swift; sourceTree = "<group>"; };
		B189E1C5299C2251006A1710 /* CircleButtonView.swift */ = {isa = PBXFileReference; lastKnownFileType = sourcecode.swift; path = CircleButtonView.swift; sourceTree = "<group>"; };
		B18D229829DAEDD300039540 /* PageIntro.swift */ = {isa = PBXFileReference; lastKnownFileType = sourcecode.swift; path = PageIntro.swift; sourceTree = "<group>"; };
		B18D229D29DAEFA500039540 /* Login.swift */ = {isa = PBXFileReference; lastKnownFileType = sourcecode.swift; path = Login.swift; sourceTree = "<group>"; };
		B1D3FD7E29A3880E00FF0E75 /* HomeViewModel.swift */ = {isa = PBXFileReference; lastKnownFileType = sourcecode.swift; path = HomeViewModel.swift; sourceTree = "<group>"; };
		B1D3FD8129A3914600FF0E75 /* CoinDataService.swift */ = {isa = PBXFileReference; lastKnownFileType = sourcecode.swift; path = CoinDataService.swift; sourceTree = "<group>"; };
		B1E41060299C263D0052DA37 /* CircleButtonAnimationView.swift */ = {isa = PBXFileReference; lastKnownFileType = sourcecode.swift; path = CircleButtonAnimationView.swift; sourceTree = "<group>"; };
		B1F0362A299D385E0007C528 /* CoinModel.swift */ = {isa = PBXFileReference; lastKnownFileType = sourcecode.swift; path = CoinModel.swift; sourceTree = "<group>"; };
		B1F433C229A3F04300244E6A /* NetworkingManager.swift */ = {isa = PBXFileReference; lastKnownFileType = sourcecode.swift; path = NetworkingManager.swift; sourceTree = "<group>"; };
		B1F433C729A3F91600244E6A /* CoinImageView.swift */ = {isa = PBXFileReference; lastKnownFileType = sourcecode.swift; path = CoinImageView.swift; sourceTree = "<group>"; };
		B1F433C929A3FA4400244E6A /* CoinImageService.swift */ = {isa = PBXFileReference; lastKnownFileType = sourcecode.swift; path = CoinImageService.swift; sourceTree = "<group>"; };
		B1F433CB29A3FB5900244E6A /* CoinImageViewmodel.swift */ = {isa = PBXFileReference; lastKnownFileType = sourcecode.swift; path = CoinImageViewmodel.swift; sourceTree = "<group>"; };
/* End PBXFileReference section */

/* Begin PBXFrameworksBuildPhase section */
		B189E1A3299C1748006A1710 /* Frameworks */ = {
			isa = PBXFrameworksBuildPhase;
			buildActionMask = 2147483647;
			files = (
			);
			runOnlyForDeploymentPostprocessing = 0;
		};
/* End PBXFrameworksBuildPhase section */

/* Begin PBXGroup section */
		B189E19D299C1748006A1710 = {
			isa = PBXGroup;
			children = (
				B189E1A8299C1748006A1710 /* Crypto App */,
				B189E1A7299C1748006A1710 /* Products */,
			);
			sourceTree = "<group>";
		};
		B189E1A7299C1748006A1710 /* Products */ = {
			isa = PBXGroup;
			children = (
				B189E1A6299C1748006A1710 /* Crypto App.app */,
			);
			name = Products;
			sourceTree = "<group>";
		};
		B189E1A8299C1748006A1710 /* Crypto App */ = {
			isa = PBXGroup;
			children = (
				B1F433C129A3F01200244E6A /* Utilities */,
				B1D3FD8029A3911D00FF0E75 /* Services */,
				B1F03629299D38250007C528 /* Models */,
				B189E1BD299C2073006A1710 /* Core */,
				B189E1BA299C1936006A1710 /* Extensions */,
				B189E1B8299C1921006A1710 /* App */,
				B189E1B9299C1926006A1710 /* View */,
				B189E1B7299C1917006A1710 /* Resources */,
				B189E1AF299C1748006A1710 /* Preview Content */,
			);
			path = "Crypto App";
			sourceTree = "<group>";
		};
		B189E1AF299C1748006A1710 /* Preview Content */ = {
			isa = PBXGroup;
			children = (
				B189E1B0299C1748006A1710 /* Preview Assets.xcassets */,
			);
			path = "Preview Content";
			sourceTree = "<group>";
		};
		B189E1B7299C1917006A1710 /* Resources */ = {
			isa = PBXGroup;
			children = (
				B189E1AD299C1748006A1710 /* Assets.xcassets */,
			);
			path = Resources;
			sourceTree = "<group>";
		};
		B189E1B8299C1921006A1710 /* App */ = {
			isa = PBXGroup;
			children = (
				B189E1A9299C1748006A1710 /* Crypto_AppApp.swift */,
			);
			path = App;
			sourceTree = "<group>";
		};
		B189E1B9299C1926006A1710 /* View */ = {
			isa = PBXGroup;
			children = (
				B189E1AB299C1748006A1710 /* ContentView.swift */,
			);
			path = View;
			sourceTree = "<group>";
		};
		B189E1BA299C1936006A1710 /* Extensions */ = {
			isa = PBXGroup;
			children = (
				B189E1BB299C194B006A1710 /* Color.swift */,
				B12C38C3299D4CA8001FDE51 /* PreviewProvider.swift */,
				B12C38C5299D528E001FDE51 /* Double.swift */,
			);
			path = Extensions;
			sourceTree = "<group>";
		};
		B189E1BD299C2073006A1710 /* Core */ = {
			isa = PBXGroup;
			children = (
				B18D229A29DAEF8300039540 /* Login */,
				B189E1C3299C2221006A1710 /* Components */,
				B189E1BE299C20A3006A1710 /* Home */,
			);
			path = Core;
			sourceTree = "<group>";
		};
		B189E1BE299C20A3006A1710 /* Home */ = {
			isa = PBXGroup;
			children = (
				B189E1C0299C20AF006A1710 /* ViewModels */,
				B189E1BF299C20A8006A1710 /* Views */,
			);
			path = Home;
			sourceTree = "<group>";
		};
		B189E1BF299C20A8006A1710 /* Views */ = {
			isa = PBXGroup;
			children = (
				B189E1C1299C20C9006A1710 /* HomeView.swift */,
				B12C38C1299D4C2C001FDE51 /* CoinRowView.swift */,
			);
			name = Views;
			sourceTree = "<group>";
		};
		B189E1C0299C20AF006A1710 /* ViewModels */ = {
			isa = PBXGroup;
			children = (
				B1D3FD7E29A3880E00FF0E75 /* HomeViewModel.swift */,
			);
			name = ViewModels;
			sourceTree = "<group>";
		};
		B189E1C3299C2221006A1710 /* Components */ = {
			isa = PBXGroup;
			children = (
				B1F433C429A3F8EC00244E6A /* CoinImage */,
				B189E1C4299C2241006A1710 /* CircleButton */,
			);
			path = Components;
			sourceTree = "<group>";
		};
		B189E1C4299C2241006A1710 /* CircleButton */ = {
			isa = PBXGroup;
			children = (
				B189E1C5299C2251006A1710 /* CircleButtonView.swift */,
				B1E41060299C263D0052DA37 /* CircleButtonAnimationView.swift */,
			);
			path = CircleButton;
			sourceTree = "<group>";
		};
		B18D229A29DAEF8300039540 /* Login */ = {
			isa = PBXGroup;
			children = (
				B18D229D29DAEFA500039540 /* Login.swift */,
			);
			path = Login;
			sourceTree = "<group>";
		};
		B1D3FD8029A3911D00FF0E75 /* Services */ = {
			isa = PBXGroup;
			children = (
				B1D3FD8129A3914600FF0E75 /* CoinDataService.swift */,
				B1F433C929A3FA4400244E6A /* CoinImageService.swift */,
			);
			path = Services;
			sourceTree = "<group>";
		};
		B1F03629299D38250007C528 /* Models */ = {
			isa = PBXGroup;
			children = (
				B1F0362A299D385E0007C528 /* CoinModel.swift */,
				B18D229829DAEDD300039540 /* PageIntro.swift */,
			);
			path = Models;
			sourceTree = "<group>";
		};
		B1F433C129A3F01200244E6A /* Utilities */ = {
			isa = PBXGroup;
			children = (
				B1F433C229A3F04300244E6A /* NetworkingManager.swift */,
				B1853F4229B0C0FB00EEF79D /* LocalFileManager.swift */,
			);
			path = Utilities;
			sourceTree = "<group>";
		};
		B1F433C429A3F8EC00244E6A /* CoinImage */ = {
			isa = PBXGroup;
			children = (
				B1F433C729A3F91600244E6A /* CoinImageView.swift */,
				B1F433CB29A3FB5900244E6A /* CoinImageViewmodel.swift */,
			);
			path = CoinImage;
			sourceTree = "<group>";
		};
/* End PBXGroup section */

/* Begin PBXNativeTarget section */
		B189E1A5299C1748006A1710 /* Crypto App */ = {
			isa = PBXNativeTarget;
			buildConfigurationList = B189E1B4299C1748006A1710 /* Build configuration list for PBXNativeTarget "Crypto App" */;
			buildPhases = (
				B189E1A2299C1748006A1710 /* Sources */,
				B189E1A3299C1748006A1710 /* Frameworks */,
				B189E1A4299C1748006A1710 /* Resources */,
			);
			buildRules = (
			);
			dependencies = (
			);
			name = "Crypto App";
			productName = "Crypto App";
			productReference = B189E1A6299C1748006A1710 /* Crypto App.app */;
			productType = "com.apple.product-type.application";
		};
/* End PBXNativeTarget section */

/* Begin PBXProject section */
		B189E19E299C1748006A1710 /* Project object */ = {
			isa = PBXProject;
			attributes = {
				BuildIndependentTargetsInParallel = 1;
				LastSwiftUpdateCheck = 1340;
				LastUpgradeCheck = 1340;
				TargetAttributes = {
					B189E1A5299C1748006A1710 = {
						CreatedOnToolsVersion = 13.4.1;
					};
				};
			};
			buildConfigurationList = B189E1A1299C1748006A1710 /* Build configuration list for PBXProject "Crypto App" */;
			compatibilityVersion = "Xcode 13.0";
			developmentRegion = en;
			hasScannedForEncodings = 0;
			knownRegions = (
				en,
				Base,
			);
			mainGroup = B189E19D299C1748006A1710;
			productRefGroup = B189E1A7299C1748006A1710 /* Products */;
			projectDirPath = "";
			projectRoot = "";
			targets = (
				B189E1A5299C1748006A1710 /* Crypto App */,
			);
		};
/* End PBXProject section */

/* Begin PBXResourcesBuildPhase section */
		B189E1A4299C1748006A1710 /* Resources */ = {
			isa = PBXResourcesBuildPhase;
			buildActionMask = 2147483647;
			files = (
				B189E1B1299C1748006A1710 /* Preview Assets.xcassets in Resources */,
				B189E1AE299C1748006A1710 /* Assets.xcassets in Resources */,
			);
			runOnlyForDeploymentPostprocessing = 0;
		};
/* End PBXResourcesBuildPhase section */

/* Begin PBXSourcesBuildPhase section */
		B189E1A2299C1748006A1710 /* Sources */ = {
			isa = PBXSourcesBuildPhase;
			buildActionMask = 2147483647;
			files = (
				B1D3FD8229A3914600FF0E75 /* CoinDataService.swift in Sources */,
				B12C38C2299D4C2C001FDE51 /* CoinRowView.swift in Sources */,
				B1D3FD7F29A3880E00FF0E75 /* HomeViewModel.swift in Sources */,
				B189E1AC299C1748006A1710 /* ContentView.swift in Sources */,
				B1853F4329B0C0FB00EEF79D /* LocalFileManager.swift in Sources */,
				B18D229929DAEDD300039540 /* PageIntro.swift in Sources */,
				B189E1C2299C20C9006A1710 /* HomeView.swift in Sources */,
				B1F433C829A3F91600244E6A /* CoinImageView.swift in Sources */,
				B189E1AA299C1748006A1710 /* Crypto_AppApp.swift in Sources */,
				B189E1C6299C2251006A1710 /* CircleButtonView.swift in Sources */,
				B189E1BC299C194B006A1710 /* Color.swift in Sources */,
				B1F433C329A3F04300244E6A /* NetworkingManager.swift in Sources */,
				B1E41061299C263D0052DA37 /* CircleButtonAnimationView.swift in Sources */,
				B18D229E29DAEFA500039540 /* Login.swift in Sources */,
				B1F433CC29A3FB5900244E6A /* CoinImageViewmodel.swift in Sources */,
				B12C38C4299D4CA8001FDE51 /* PreviewProvider.swift in Sources */,
				B12C38C6299D528E001FDE51 /* Double.swift in Sources */,
				B1F433CA29A3FA4400244E6A /* CoinImageService.swift in Sources */,
				B1F0362B299D385E0007C528 /* CoinModel.swift in Sources */,
			);
			runOnlyForDeploymentPostprocessing = 0;
		};
/* End PBXSourcesBuildPhase section */

/* Begin XCBuildConfiguration section */
		B189E1B2299C1748006A1710 /* Debug */ = {
			isa = XCBuildConfiguration;
			buildSettings = {
				ALWAYS_SEARCH_USER_PATHS = NO;
				CLANG_ANALYZER_NONNULL = YES;
				CLANG_ANALYZER_NUMBER_OBJECT_CONVERSION = YES_AGGRESSIVE;
				CLANG_CXX_LANGUAGE_STANDARD = "gnu++17";
				CLANG_ENABLE_MODULES = YES;
				CLANG_ENABLE_OBJC_ARC = YES;
				CLANG_ENABLE_OBJC_WEAK = YES;
				CLANG_WARN_BLOCK_CAPTURE_AUTORELEASING = YES;
				CLANG_WARN_BOOL_CONVERSION = YES;
				CLANG_WARN_COMMA = YES;
				CLANG_WARN_CONSTANT_CONVERSION = YES;
				CLANG_WARN_DEPRECATED_OBJC_IMPLEMENTATIONS = YES;
				CLANG_WARN_DIRECT_OBJC_ISA_USAGE = YES_ERROR;
				CLANG_WARN_DOCUMENTATION_COMMENTS = YES;
				CLANG_WARN_EMPTY_BODY = YES;
				CLANG_WARN_ENUM_CONVERSION = YES;
				CLANG_WARN_INFINITE_RECURSION = YES;
				CLANG_WARN_INT_CONVERSION = YES;
				CLANG_WARN_NON_LITERAL_NULL_CONVERSION = YES;
				CLANG_WARN_OBJC_IMPLICIT_RETAIN_SELF = YES;
				CLANG_WARN_OBJC_LITERAL_CONVERSION = YES;
				CLANG_WARN_OBJC_ROOT_CLASS = YES_ERROR;
				CLANG_WARN_QUOTED_INCLUDE_IN_FRAMEWORK_HEADER = YES;
				CLANG_WARN_RANGE_LOOP_ANALYSIS = YES;
				CLANG_WARN_STRICT_PROTOTYPES = YES;
				CLANG_WARN_SUSPICIOUS_MOVE = YES;
				CLANG_WARN_UNGUARDED_AVAILABILITY = YES_AGGRESSIVE;
				CLANG_WARN_UNREACHABLE_CODE = YES;
				CLANG_WARN__DUPLICATE_METHOD_MATCH = YES;
				COPY_PHASE_STRIP = NO;
				DEBUG_INFORMATION_FORMAT = dwarf;
				ENABLE_STRICT_OBJC_MSGSEND = YES;
				ENABLE_TESTABILITY = YES;
				GCC_C_LANGUAGE_STANDARD = gnu11;
				GCC_DYNAMIC_NO_PIC = NO;
				GCC_NO_COMMON_BLOCKS = YES;
				GCC_OPTIMIZATION_LEVEL = 0;
				GCC_PREPROCESSOR_DEFINITIONS = (
					"DEBUG=1",
					"$(inherited)",
				);
				GCC_WARN_64_TO_32_BIT_CONVERSION = YES;
				GCC_WARN_ABOUT_RETURN_TYPE = YES_ERROR;
				GCC_WARN_UNDECLARED_SELECTOR = YES;
				GCC_WARN_UNINITIALIZED_AUTOS = YES_AGGRESSIVE;
				GCC_WARN_UNUSED_FUNCTION = YES;
				GCC_WARN_UNUSED_VARIABLE = YES;
				IPHONEOS_DEPLOYMENT_TARGET = 15.5;
				MTL_ENABLE_DEBUG_INFO = INCLUDE_SOURCE;
				MTL_FAST_MATH = YES;
				ONLY_ACTIVE_ARCH = YES;
				SDKROOT = iphoneos;
				SWIFT_ACTIVE_COMPILATION_CONDITIONS = DEBUG;
				SWIFT_OPTIMIZATION_LEVEL = "-Onone";
			};
			name = Debug;
		};
		B189E1B3299C1748006A1710 /* Release */ = {
			isa = XCBuildConfiguration;
			buildSettings = {
				ALWAYS_SEARCH_USER_PATHS = NO;
				CLANG_ANALYZER_NONNULL = YES;
				CLANG_ANALYZER_NUMBER_OBJECT_CONVERSION = YES_AGGRESSIVE;
				CLANG_CXX_LANGUAGE_STANDARD = "gnu++17";
				CLANG_ENABLE_MODULES = YES;
				CLANG_ENABLE_OBJC_ARC = YES;
				CLANG_ENABLE_OBJC_WEAK = YES;
				CLANG_WARN_BLOCK_CAPTURE_AUTORELEASING = YES;
				CLANG_WARN_BOOL_CONVERSION = YES;
				CLANG_WARN_COMMA = YES;
				CLANG_WARN_CONSTANT_CONVERSION = YES;
				CLANG_WARN_DEPRECATED_OBJC_IMPLEMENTATIONS = YES;
				CLANG_WARN_DIRECT_OBJC_ISA_USAGE = YES_ERROR;
				CLANG_WARN_DOCUMENTATION_COMMENTS = YES;
				CLANG_WARN_EMPTY_BODY = YES;
				CLANG_WARN_ENUM_CONVERSION = YES;
				CLANG_WARN_INFINITE_RECURSION = YES;
				CLANG_WARN_INT_CONVERSION = YES;
				CLANG_WARN_NON_LITERAL_NULL_CONVERSION = YES;
				CLANG_WARN_OBJC_IMPLICIT_RETAIN_SELF = YES;
				CLANG_WARN_OBJC_LITERAL_CONVERSION = YES;
				CLANG_WARN_OBJC_ROOT_CLASS = YES_ERROR;
				CLANG_WARN_QUOTED_INCLUDE_IN_FRAMEWORK_HEADER = YES;
				CLANG_WARN_RANGE_LOOP_ANALYSIS = YES;
				CLANG_WARN_STRICT_PROTOTYPES = YES;
				CLANG_WARN_SUSPICIOUS_MOVE = YES;
				CLANG_WARN_UNGUARDED_AVAILABILITY = YES_AGGRESSIVE;
				CLANG_WARN_UNREACHABLE_CODE = YES;
				CLANG_WARN__DUPLICATE_METHOD_MATCH = YES;
				COPY_PHASE_STRIP = NO;
				DEBUG_INFORMATION_FORMAT = "dwarf-with-dsym";
				ENABLE_NS_ASSERTIONS = NO;
				ENABLE_STRICT_OBJC_MSGSEND = YES;
				GCC_C_LANGUAGE_STANDARD = gnu11;
				GCC_NO_COMMON_BLOCKS = YES;
				GCC_WARN_64_TO_32_BIT_CONVERSION = YES;
				GCC_WARN_ABOUT_RETURN_TYPE = YES_ERROR;
				GCC_WARN_UNDECLARED_SELECTOR = YES;
				GCC_WARN_UNINITIALIZED_AUTOS = YES_AGGRESSIVE;
				GCC_WARN_UNUSED_FUNCTION = YES;
				GCC_WARN_UNUSED_VARIABLE = YES;
				IPHONEOS_DEPLOYMENT_TARGET = 15.5;
				MTL_ENABLE_DEBUG_INFO = NO;
				MTL_FAST_MATH = YES;
				SDKROOT = iphoneos;
				SWIFT_COMPILATION_MODE = wholemodule;
				SWIFT_OPTIMIZATION_LEVEL = "-O";
				VALIDATE_PRODUCT = YES;
			};
			name = Release;
		};
		B189E1B5299C1748006A1710 /* Debug */ = {
			isa = XCBuildConfiguration;
			buildSettings = {
				ASSETCATALOG_COMPILER_APPICON_NAME = AppIcon;
				ASSETCATALOG_COMPILER_GLOBAL_ACCENT_COLOR_NAME = AccentColor;
				CODE_SIGN_STYLE = Automatic;
				CURRENT_PROJECT_VERSION = 1;
				DEVELOPMENT_ASSET_PATHS = "\"Crypto App/Preview Content\"";
				DEVELOPMENT_TEAM = QFL3TKB7D4;
				ENABLE_PREVIEWS = YES;
				GENERATE_INFOPLIST_FILE = YES;
				INFOPLIST_KEY_UIApplicationSceneManifest_Generation = YES;
				INFOPLIST_KEY_UIApplicationSupportsIndirectInputEvents = YES;
				INFOPLIST_KEY_UILaunchScreen_Generation = YES;
				INFOPLIST_KEY_UISupportedInterfaceOrientations_iPad = "UIInterfaceOrientationPortrait UIInterfaceOrientationPortraitUpsideDown UIInterfaceOrientationLandscapeLeft UIInterfaceOrientationLandscapeRight";
				INFOPLIST_KEY_UISupportedInterfaceOrientations_iPhone = "UIInterfaceOrientationPortrait UIInterfaceOrientationLandscapeLeft UIInterfaceOrientationLandscapeRight";
				LD_RUNPATH_SEARCH_PATHS = (
					"$(inherited)",
					"@executable_path/Frameworks",
				);
				MARKETING_VERSION = 1.0;
				PRODUCT_BUNDLE_IDENTIFIER = "https---github.com-bertiGrazi.Crypto-App";
				PRODUCT_NAME = "$(TARGET_NAME)";
				SWIFT_EMIT_LOC_STRINGS = YES;
				SWIFT_VERSION = 5.0;
				TARGETED_DEVICE_FAMILY = "1,2";
			};
			name = Debug;
		};
		B189E1B6299C1748006A1710 /* Release */ = {
			isa = XCBuildConfiguration;
			buildSettings = {
				ASSETCATALOG_COMPILER_APPICON_NAME = AppIcon;
				ASSETCATALOG_COMPILER_GLOBAL_ACCENT_COLOR_NAME = AccentColor;
				CODE_SIGN_STYLE = Automatic;
				CURRENT_PROJECT_VERSION = 1;
				DEVELOPMENT_ASSET_PATHS = "\"Crypto App/Preview Content\"";
				DEVELOPMENT_TEAM = QFL3TKB7D4;
				ENABLE_PREVIEWS = YES;
				GENERATE_INFOPLIST_FILE = YES;
				INFOPLIST_KEY_UIApplicationSceneManifest_Generation = YES;
				INFOPLIST_KEY_UIApplicationSupportsIndirectInputEvents = YES;
				INFOPLIST_KEY_UILaunchScreen_Generation = YES;
				INFOPLIST_KEY_UISupportedInterfaceOrientations_iPad = "UIInterfaceOrientationPortrait UIInterfaceOrientationPortraitUpsideDown UIInterfaceOrientationLandscapeLeft UIInterfaceOrientationLandscapeRight";
				INFOPLIST_KEY_UISupportedInterfaceOrientations_iPhone = "UIInterfaceOrientationPortrait UIInterfaceOrientationLandscapeLeft UIInterfaceOrientationLandscapeRight";
				LD_RUNPATH_SEARCH_PATHS = (
					"$(inherited)",
					"@executable_path/Frameworks",
				);
				MARKETING_VERSION = 1.0;
				PRODUCT_BUNDLE_IDENTIFIER = "https---github.com-bertiGrazi.Crypto-App";
				PRODUCT_NAME = "$(TARGET_NAME)";
				SWIFT_EMIT_LOC_STRINGS = YES;
				SWIFT_VERSION = 5.0;
				TARGETED_DEVICE_FAMILY = "1,2";
			};
			name = Release;
		};
/* End XCBuildConfiguration section */

/* Begin XCConfigurationList section */
		B189E1A1299C1748006A1710 /* Build configuration list for PBXProject "Crypto App" */ = {
			isa = XCConfigurationList;
			buildConfigurations = (
				B189E1B2299C1748006A1710 /* Debug */,
				B189E1B3299C1748006A1710 /* Release */,
			);
			defaultConfigurationIsVisible = 0;
			defaultConfigurationName = Release;
		};
		B189E1B4299C1748006A1710 /* Build configuration list for PBXNativeTarget "Crypto App" */ = {
			isa = XCConfigurationList;
			buildConfigurations = (
				B189E1B5299C1748006A1710 /* Debug */,
				B189E1B6299C1748006A1710 /* Release */,
			);
			defaultConfigurationIsVisible = 0;
			defaultConfigurationName = Release;
		};
/* End XCConfigurationList section */
	};
	rootObject = B189E19E299C1748006A1710 /* Project object */;
}
