{
  "pins" : [
    {
      "identity" : "sdwebimage",
      "kind" : "remoteSourceControl",
      "location" : "https://github.com/SDWebImage/SDWebImage.git",
      "state" : {
        "revision" : "1f48e5a37959de4ea240c12b68227c10f6c4d6e2",
        "version" : "5.15.1"
      }
    },
    {
      "identity" : "sdwebimageswiftui",
      "kind" : "remoteSourceControl",
      "location" : "https://github.com/SDWebImage/SDWebImageSwiftUI.git",
      "state" : {
        "revision" : "61fefe9c284fd41ddef77d02749e88f00c305196",
        "version" : "2.2.2"
      }
    }
  ],
  "version" : 2
}
